
Microsoft Visual Studio Solution File, Format Version 12.00
# Visual Studio Version 17
VisualStudioVersion = 17.4.33213.308
MinimumVisualStudioVersion = 10.0.40219.1
Project("{9A19103F-16F7-4668-BE54-9A1E7A4F7556}") = "CodescoveryCaptureManager.App", "Presentation\CodescoveryCaptureManager.App\CodescoveryCaptureManager.App.csproj", "{B6F38E5C-691C-47DD-8A3D-C9DE98A03531}"
EndProject
Project("{2150E333-8FDC-42A3-9474-1A3956D46DE8}") = "1.Presentation", "1.Presentation", "{0221FDCC-F26A-4874-B61E-3FA9E81A09F6}"
EndProject
Project("{2150E333-8FDC-42A3-9474-1A3956D46DE8}") = "2.Domain", "2.Domain", "{AACC7E49-D8D3-464E-A929-D80092AFDD7A}"
EndProject
Project("{9A19103F-16F7-4668-BE54-9A1E7A4F7556}") = "CodescoveryCaptureManager.Domain", "Domain\CodescoveryCaptureManager.Domain\CodescoveryCaptureManager.Domain.csproj", "{386660DA-8E3F-427A-B356-BC2EC01A03ED}"
EndProject
Project("{2150E333-8FDC-42A3-9474-1A3956D46DE8}") = "Solution Items", "Solution Items", "{5BB49B9D-D2B2-4289-8AFD-9225CDA1816A}"
	ProjectSection(SolutionItems) = preProject
		..\.gitignore = ..\.gitignore
		..\LICENSE = ..\LICENSE
		..\README.md = ..\README.md
	EndProjectSection
EndProject
Global
	GlobalSection(SolutionConfigurationPlatforms) = preSolution
		Debug|Any CPU = Debug|Any CPU
		Release|Any CPU = Release|Any CPU
	EndGlobalSection
	GlobalSection(ProjectConfigurationPlatforms) = postSolution
		{B6F38E5C-691C-47DD-8A3D-C9DE98A03531}.Debug|Any CPU.ActiveCfg = Debug|Any CPU
		{B6F38E5C-691C-47DD-8A3D-C9DE98A03531}.Debug|Any CPU.Build.0 = Debug|Any CPU
		{B6F38E5C-691C-47DD-8A3D-C9DE98A03531}.Release|Any CPU.ActiveCfg = Release|Any CPU
		{B6F38E5C-691C-47DD-8A3D-C9DE98A03531}.Release|Any CPU.Build.0 = Release|Any CPU
		{386660DA-8E3F-427A-B356-BC2EC01A03ED}.Debug|Any CPU.ActiveCfg = Debug|Any CPU
		{386660DA-8E3F-427A-B356-BC2EC01A03ED}.Debug|Any CPU.Build.0 = Debug|Any CPU
		{386660DA-8E3F-427A-B356-BC2EC01A03ED}.Release|Any CPU.ActiveCfg = Release|Any CPU
		{386660DA-8E3F-427A-B356-BC2EC01A03ED}.Release|Any CPU.Build.0 = Release|Any CPU
	EndGlobalSection
	GlobalSection(SolutionProperties) = preSolution
		HideSolutionNode = FALSE
	EndGlobalSection
	GlobalSection(NestedProjects) = preSolution
		{B6F38E5C-691C-47DD-8A3D-C9DE98A03531} = {0221FDCC-F26A-4874-B61E-3FA9E81A09F6}
		{386660DA-8E3F-427A-B356-BC2EC01A03ED} = {AACC7E49-D8D3-464E-A929-D80092AFDD7A}
	EndGlobalSection
	GlobalSection(ExtensibilityGlobals) = postSolution
		SolutionGuid = {321EBC00-0A19-4750-A785-DA56409988D5}
	EndGlobalSection
EndGlobal
